
Microsoft Visual Studio Solution File, Format Version 12.00
# Visual Studio Version 17
VisualStudioVersion = 17.2.32630.192
MinimumVisualStudioVersion = 10.0.40219.1
Project("{9A19103F-16F7-4668-BE54-9A1E7A4F7556}") = "API", "SimpleCoursesCenterAPI\API.csproj", "{38698002-819D-4C41-923B-16D427ACBCF7}"
EndProject
Project("{9A19103F-16F7-4668-BE54-9A1E7A4F7556}") = "Data", "Data\Data.csproj", "{DBADF3E4-23B3-4762-80B5-3272C7D00A63}"
EndProject
Project("{9A19103F-16F7-4668-BE54-9A1E7A4F7556}") = "Services", "Services\Services.csproj", "{2982FFFC-FE9B-4A9A-B399-BD1101F15CE7}"
EndProject
Project("{FAE04EC0-301F-11D3-BF4B-00C04F79EFBC}") = "Infrastructure", "Infrastructure\Infrastructure.csproj", "{6485D163-F664-48D0-A655-B41FDD103D6A}"
EndProject
Global
	GlobalSection(SolutionConfigurationPlatforms) = preSolution
		Debug|Any CPU = Debug|Any CPU
		Release|Any CPU = Release|Any CPU
	EndGlobalSection
	GlobalSection(ProjectConfigurationPlatforms) = postSolution
		{38698002-819D-4C41-923B-16D427ACBCF7}.Debug|Any CPU.ActiveCfg = Debug|Any CPU
		{38698002-819D-4C41-923B-16D427ACBCF7}.Debug|Any CPU.Build.0 = Debug|Any CPU
		{38698002-819D-4C41-923B-16D427ACBCF7}.Release|Any CPU.ActiveCfg = Release|Any CPU
		{38698002-819D-4C41-923B-16D427ACBCF7}.Release|Any CPU.Build.0 = Release|Any CPU
		{DBADF3E4-23B3-4762-80B5-3272C7D00A63}.Debug|Any CPU.ActiveCfg = Debug|Any CPU
		{DBADF3E4-23B3-4762-80B5-3272C7D00A63}.Debug|Any CPU.Build.0 = Debug|Any CPU
		{DBADF3E4-23B3-4762-80B5-3272C7D00A63}.Release|Any CPU.ActiveCfg = Release|Any CPU
		{DBADF3E4-23B3-4762-80B5-3272C7D00A63}.Release|Any CPU.Build.0 = Release|Any CPU
		{2982FFFC-FE9B-4A9A-B399-BD1101F15CE7}.Debug|Any CPU.ActiveCfg = Debug|Any CPU
		{2982FFFC-FE9B-4A9A-B399-BD1101F15CE7}.Debug|Any CPU.Build.0 = Debug|Any CPU
		{2982FFFC-FE9B-4A9A-B399-BD1101F15CE7}.Release|Any CPU.ActiveCfg = Release|Any CPU
		{2982FFFC-FE9B-4A9A-B399-BD1101F15CE7}.Release|Any CPU.Build.0 = Release|Any CPU
		{6485D163-F664-48D0-A655-B41FDD103D6A}.Debug|Any CPU.ActiveCfg = Debug|Any CPU
		{6485D163-F664-48D0-A655-B41FDD103D6A}.Debug|Any CPU.Build.0 = Debug|Any CPU
		{6485D163-F664-48D0-A655-B41FDD103D6A}.Release|Any CPU.ActiveCfg = Release|Any CPU
		{6485D163-F664-48D0-A655-B41FDD103D6A}.Release|Any CPU.Build.0 = Release|Any CPU
	EndGlobalSection
	GlobalSection(SolutionProperties) = preSolution
		HideSolutionNode = FALSE
	EndGlobalSection
	GlobalSection(ExtensibilityGlobals) = postSolution
		SolutionGuid = {F209E0EA-0EC8-4225-A1D9-C1AA751D402B}
	EndGlobalSection
EndGlobal
